
Microsoft Visual Studio Solution File, Format Version 12.00
# Visual Studio Version 17
VisualStudioVersion = 17.2.32630.192
MinimumVisualStudioVersion = 10.0.40219.1
Project("{FAE04EC0-301F-11D3-BF4B-00C04F79EFBC}") = "ROASApp.Data.IO", "ROASApp.Data.IO\ROASApp.Data.IO.csproj", "{AFF42E23-1D84-48C2-88C5-C84BF20CBD67}"
EndProject
Project("{FAE04EC0-301F-11D3-BF4B-00C04F79EFBC}") = "ROASApp.Domain", "ROASApp.Domain\ROASApp.Domain.csproj", "{C301F1C6-6BAC-4616-A6D6-D2E4B806AA98}"
EndProject
Project("{FAE04EC0-301F-11D3-BF4B-00C04F79EFBC}") = "ROASApp.Presentation.ConsoleUI", "ROASApp.Presentation.ConsoleUI\ROASApp.Presentation.ConsoleUI.csproj", "{021BB336-5144-4832-BE57-00095B141A47}"
EndProject
Global
	GlobalSection(SolutionConfigurationPlatforms) = preSolution
		Debug|Any CPU = Debug|Any CPU
		Release|Any CPU = Release|Any CPU
	EndGlobalSection
	GlobalSection(ProjectConfigurationPlatforms) = postSolution
		{AFF42E23-1D84-48C2-88C5-C84BF20CBD67}.Debug|Any CPU.ActiveCfg = Debug|Any CPU
		{AFF42E23-1D84-48C2-88C5-C84BF20CBD67}.Debug|Any CPU.Build.0 = Debug|Any CPU
		{AFF42E23-1D84-48C2-88C5-C84BF20CBD67}.Release|Any CPU.ActiveCfg = Release|Any CPU
		{AFF42E23-1D84-48C2-88C5-C84BF20CBD67}.Release|Any CPU.Build.0 = Release|Any CPU
		{C301F1C6-6BAC-4616-A6D6-D2E4B806AA98}.Debug|Any CPU.ActiveCfg = Debug|Any CPU
		{C301F1C6-6BAC-4616-A6D6-D2E4B806AA98}.Debug|Any CPU.Build.0 = Debug|Any CPU
		{C301F1C6-6BAC-4616-A6D6-D2E4B806AA98}.Release|Any CPU.ActiveCfg = Release|Any CPU
		{C301F1C6-6BAC-4616-A6D6-D2E4B806AA98}.Release|Any CPU.Build.0 = Release|Any CPU
		{021BB336-5144-4832-BE57-00095B141A47}.Debug|Any CPU.ActiveCfg = Debug|Any CPU
		{021BB336-5144-4832-BE57-00095B141A47}.Debug|Any CPU.Build.0 = Debug|Any CPU
		{021BB336-5144-4832-BE57-00095B141A47}.Release|Any CPU.ActiveCfg = Release|Any CPU
		{021BB336-5144-4832-BE57-00095B141A47}.Release|Any CPU.Build.0 = Release|Any CPU
	EndGlobalSection
	GlobalSection(SolutionProperties) = preSolution
		HideSolutionNode = FALSE
	EndGlobalSection
	GlobalSection(ExtensibilityGlobals) = postSolution
		SolutionGuid = {2DFF6073-98AA-468E-A3DD-B38E380F2D0F}
	EndGlobalSection
EndGlobal
